Microsoft Visual Studio Solution File, Format Version 12.00
# Visual Studio Version 17
VisualStudioVersion = 17.5.2.0
MinimumVisualStudioVersion = 10.0.40219.1
Project("{FAE04EC0-301F-11D3-BF4B-00C04F79EFBC}") = "TaskManagerCQRS", "TaskManagerCQRS.csproj", "{156C1ACB-263B-3BF2-0B68-F078077FB841}"
EndProject
Global
	GlobalSection(SolutionConfigurationPlatforms) = preSolution
		Debug|Any CPU = Debug|Any CPU
		Release|Any CPU = Release|Any CPU
	EndGlobalSection
	GlobalSection(ProjectConfigurationPlatforms) = postSolution
		{156C1ACB-263B-3BF2-0B68-F078077FB841}.Debug|Any CPU.ActiveCfg = Debug|Any CPU
		{156C1ACB-263B-3BF2-0B68-F078077FB841}.Debug|Any CPU.Build.0 = Debug|Any CPU
		{156C1ACB-263B-3BF2-0B68-F078077FB841}.Release|Any CPU.ActiveCfg = Release|Any CPU
		{156C1ACB-263B-3BF2-0B68-F078077FB841}.Release|Any CPU.Build.0 = Release|Any CPU
	EndGlobalSection
	GlobalSection(SolutionProperties) = preSolution
		HideSolutionNode = FALSE
	EndGlobalSection
	GlobalSection(ExtensibilityGlobals) = postSolution
		SolutionGuid = {2019742A-F607-497D-9DD2-19A0D1D5D647}
	EndGlobalSection
EndGlobal
